# This file was autogenerated by Stack.
# You should not edit this file by hand.
# For more information, please see the documentation at:
#   https://docs.haskellstack.org/en/stable/topics/lock_files

packages:
- completed:
    hackage: bytestring-encodings-0.2.0.1@sha256:2b6258c925f538608ef624738da6618019b017a8aa689259374a416abbe17fb5,1378
    pantry-tree:
      sha256: ee89355538ee2b71d91c03b511a1651be9ba17011da923376280d96062db4820
      size: 650
  original:
    hackage: bytestring-encodings-0.2.0.1
snapshots:
- completed:
    sha256: 400dfb2174640dd2f9f2ba7cbf9148699f2380ab64faa46f4be298a5d6205316
    size: 684057
    url: https://raw.githubusercontent.com/commercialhaskell/stackage-snapshots/master/lts/23/24.yaml
  original:
    url: https://raw.githubusercontent.com/commercialhaskell/stackage-snapshots/master/lts/23/24.yaml
